
Microsoft Visual Studio Solution File, Format Version 12.00
# Visual Studio Version 16
VisualStudioVersion = 16.0.31313.79
MinimumVisualStudioVersion = 10.0.40219.1
Project("{FAE04EC0-301F-11D3-BF4B-00C04F79EFBC}") = "Areas_de_Figuras", "Areas_de_Figuras.csproj", "{83E9B027-003E-47F0-969F-A256E4982C07}"
EndProject
Global
	GlobalSection(SolutionConfigurationPlatforms) = preSolution
		Debug|Any CPU = Debug|Any CPU
		Release|Any CPU = Release|Any CPU
	EndGlobalSection
	GlobalSection(ProjectConfigurationPlatforms) = postSolution
		{83E9B027-003E-47F0-969F-A256E4982C07}.Debug|Any CPU.ActiveCfg = Debug|Any CPU
		{83E9B027-003E-47F0-969F-A256E4982C07}.Debug|Any CPU.Build.0 = Debug|Any CPU
		{83E9B027-003E-47F0-969F-A256E4982C07}.Release|Any CPU.ActiveCfg = Release|Any CPU
		{83E9B027-003E-47F0-969F-A256E4982C07}.Release|Any CPU.Build.0 = Release|Any CPU
	EndGlobalSection
	GlobalSection(SolutionProperties) = preSolution
		HideSolutionNode = FALSE
	EndGlobalSection
	GlobalSection(ExtensibilityGlobals) = postSolution
		SolutionGuid = {6265B8A6-9932-4354-B6DF-B661BB99028C}
	EndGlobalSection
EndGlobal
